
Microsoft Visual Studio Solution File, Format Version 12.00
# Visual Studio 14
VisualStudioVersion = 14.0.23107.0
MinimumVisualStudioVersion = 10.0.40219.1
Project("{FAE04EC0-301F-11D3-BF4B-00C04F79EFBC}") = "ApplicationEglise", "ApplicationEglise\ApplicationEglise.csproj", "{40F90891-BA8E-40A5-BB87-E59D53202475}"
EndProject
Project("{FAE04EC0-301F-11D3-BF4B-00C04F79EFBC}") = "ApplicationEglise.Tests", "ApplicationEglise.Tests\ApplicationEglise.Tests.csproj", "{A73B09CB-9C50-493E-AB75-CEADA7A7F945}"
EndProject
Global
	GlobalSection(SolutionConfigurationPlatforms) = preSolution
		Debug|Any CPU = Debug|Any CPU
		Release|Any CPU = Release|Any CPU
	EndGlobalSection
	GlobalSection(ProjectConfigurationPlatforms) = postSolution
		{40F90891-BA8E-40A5-BB87-E59D53202475}.Debug|Any CPU.ActiveCfg = Debug|Any CPU
		{40F90891-BA8E-40A5-BB87-E59D53202475}.Debug|Any CPU.Build.0 = Debug|Any CPU
		{40F90891-BA8E-40A5-BB87-E59D53202475}.Release|Any CPU.ActiveCfg = Release|Any CPU
		{40F90891-BA8E-40A5-BB87-E59D53202475}.Release|Any CPU.Build.0 = Release|Any CPU
		{A73B09CB-9C50-493E-AB75-CEADA7A7F945}.Debug|Any CPU.ActiveCfg = Debug|Any CPU
		{A73B09CB-9C50-493E-AB75-CEADA7A7F945}.Debug|Any CPU.Build.0 = Debug|Any CPU
		{A73B09CB-9C50-493E-AB75-CEADA7A7F945}.Release|Any CPU.ActiveCfg = Release|Any CPU
		{A73B09CB-9C50-493E-AB75-CEADA7A7F945}.Release|Any CPU.Build.0 = Release|Any CPU
	EndGlobalSection
	GlobalSection(SolutionProperties) = preSolution
		HideSolutionNode = FALSE
	EndGlobalSection
EndGlobal
